
Microsoft Visual Studio Solution File, Format Version 12.00
# Visual Studio Version 17
VisualStudioVersion = 17.2.32630.192
MinimumVisualStudioVersion = 10.0.40219.1
Project("{9A19103F-16F7-4668-BE54-9A1E7A4F7556}") = "GrpcService", "GrpcService\GrpcService.csproj", "{19090218-72A4-411D-924E-D3DF76A939CB}"
EndProject
Project("{9A19103F-16F7-4668-BE54-9A1E7A4F7556}") = "GrpcClient", "GrpcClient\GrpcClient.csproj", "{C8B699D6-6B15-4A70-8FA0-710D8488B1B6}"
EndProject
Project("{FAE04EC0-301F-11D3-BF4B-00C04F79EFBC}") = "GrpcLib", "GrpcLib\GrpcLib.csproj", "{554F58E8-0ECA-45D7-83C7-CD67355F3410}"
EndProject
Global
	GlobalSection(SolutionConfigurationPlatforms) = preSolution
		Debug|Any CPU = Debug|Any CPU
		Release|Any CPU = Release|Any CPU
	EndGlobalSection
	GlobalSection(ProjectConfigurationPlatforms) = postSolution
		{19090218-72A4-411D-924E-D3DF76A939CB}.Debug|Any CPU.ActiveCfg = Debug|Any CPU
		{19090218-72A4-411D-924E-D3DF76A939CB}.Debug|Any CPU.Build.0 = Debug|Any CPU
		{19090218-72A4-411D-924E-D3DF76A939CB}.Release|Any CPU.ActiveCfg = Release|Any CPU
		{19090218-72A4-411D-924E-D3DF76A939CB}.Release|Any CPU.Build.0 = Release|Any CPU
		{C8B699D6-6B15-4A70-8FA0-710D8488B1B6}.Debug|Any CPU.ActiveCfg = Debug|Any CPU
		{C8B699D6-6B15-4A70-8FA0-710D8488B1B6}.Debug|Any CPU.Build.0 = Debug|Any CPU
		{C8B699D6-6B15-4A70-8FA0-710D8488B1B6}.Release|Any CPU.ActiveCfg = Release|Any CPU
		{C8B699D6-6B15-4A70-8FA0-710D8488B1B6}.Release|Any CPU.Build.0 = Release|Any CPU
		{554F58E8-0ECA-45D7-83C7-CD67355F3410}.Debug|Any CPU.ActiveCfg = Debug|Any CPU
		{554F58E8-0ECA-45D7-83C7-CD67355F3410}.Debug|Any CPU.Build.0 = Debug|Any CPU
		{554F58E8-0ECA-45D7-83C7-CD67355F3410}.Release|Any CPU.ActiveCfg = Release|Any CPU
		{554F58E8-0ECA-45D7-83C7-CD67355F3410}.Release|Any CPU.Build.0 = Release|Any CPU
	EndGlobalSection
	GlobalSection(SolutionProperties) = preSolution
		HideSolutionNode = FALSE
	EndGlobalSection
	GlobalSection(ExtensibilityGlobals) = postSolution
		SolutionGuid = {988EDCC0-2928-4E4F-992A-C62B5F3D6ED7}
	EndGlobalSection
EndGlobal
